// !$*UTF8*$!
{
	archiveVersion = 1;
	classes = {
	};
	objectVersion = 51;
	objects = {

/* Begin PBXBuildFile section */
		DD013FBA2609503500A396A3 /* Toy_Up&Down1.caf in Resources */ = {isa = PBXBuildFile; fileRef = DD013FB82609503500A396A3 /* Toy_Up&Down1.caf */; };
		DD013FBB2609503500A396A3 /* SpaceBall_Rise1.caf in Resources */ = {isa = PBXBuildFile; fileRef = DD013FB92609503500A396A3 /* SpaceBall_Rise1.caf */; };
		DD013FBE2609505100A396A3 /* Audioplayer.swift in Sources */ = {isa = PBXBuildFile; fileRef = DD013FBD2609505000A396A3 /* Audioplayer.swift */; };
		DD1B7B812606545F00CB9AA4 /* AppDelegate.swift in Sources */ = {isa = PBXBuildFile; fileRef = DD1B7B802606545F00CB9AA4 /* AppDelegate.swift */; };
		DD1B7B832606545F00CB9AA4 /* SceneDelegate.swift in Sources */ = {isa = PBXBuildFile; fileRef = DD1B7B822606545F00CB9AA4 /* SceneDelegate.swift */; };
		DD1B7B852606545F00CB9AA4 /* ViewController.swift in Sources */ = {isa = PBXBuildFile; fileRef = DD1B7B842606545F00CB9AA4 /* ViewController.swift */; };
		DD1B7B882606545F00CB9AA4 /* Main.storyboard in Resources */ = {isa = PBXBuildFile; fileRef = DD1B7B862606545F00CB9AA4 /* Main.storyboard */; };
		DD1B7B8A2606546000CB9AA4 /* Assets.xcassets in Resources */ = {isa = PBXBuildFile; fileRef = DD1B7B892606546000CB9AA4 /* Assets.xcassets */; };
		DD1B7B8D2606546000CB9AA4 /* LaunchScreen.storyboard in Resources */ = {isa = PBXBuildFile; fileRef = DD1B7B8B2606546000CB9AA4 /* LaunchScreen.storyboard */; };
		DD1B7B972606553200CB9AA4 /* Style.swift in Sources */ = {isa = PBXBuildFile; fileRef = DD1B7B962606553200CB9AA4 /* Style.swift */; };
		DD1B7B9A260655A500CB9AA4 /* AKExtensions.swift in Sources */ = {isa = PBXBuildFile; fileRef = DD1B7B99260655A500CB9AA4 /* AKExtensions.swift */; };
		DD1B7B9F26065B3600CB9AA4 /* TimePickerView.swift in Sources */ = {isa = PBXBuildFile; fileRef = DD1B7B9E26065B3600CB9AA4 /* TimePickerView.swift */; };
		DD1B7BA826067F2900CB9AA4 /* Fulbo-Argenta.ttf in Resources */ = {isa = PBXBuildFile; fileRef = DD1B7BA726067F2900CB9AA4 /* Fulbo-Argenta.ttf */; };
		DD1B7BAF26067F7E00CB9AA4 /* DINRoundPro.ttf in Resources */ = {isa = PBXBuildFile; fileRef = DD1B7BAA26067F7E00CB9AA4 /* DINRoundPro.ttf */; };
		DD1B7BB026067F7E00CB9AA4 /* DINRoundPro-Bold.ttf in Resources */ = {isa = PBXBuildFile; fileRef = DD1B7BAB26067F7E00CB9AA4 /* DINRoundPro-Bold.ttf */; };
		DD1B7BB126067F7E00CB9AA4 /* DINRoundPro-Light.ttf in Resources */ = {isa = PBXBuildFile; fileRef = DD1B7BAC26067F7E00CB9AA4 /* DINRoundPro-Light.ttf */; };
		DD1B7BB226067F7E00CB9AA4 /* DINRoundPro-Medi.ttf in Resources */ = {isa = PBXBuildFile; fileRef = DD1B7BAD26067F7E00CB9AA4 /* DINRoundPro-Medi.ttf */; };
		DD1B7BB326067F7E00CB9AA4 /* DINRoundPro-Black.ttf in Resources */ = {isa = PBXBuildFile; fileRef = DD1B7BAE26067F7E00CB9AA4 /* DINRoundPro-Black.ttf */; };
		DD7BEC2E260D35960096820D /* AKWaveView.swift in Sources */ = {isa = PBXBuildFile; fileRef = DD7BEC2D260D35960096820D /* AKWaveView.swift */; };
		DD864946260F9C8000428C37 /* NewWorkoutButton.swift in Sources */ = {isa = PBXBuildFile; fileRef = DD864945260F9C8000428C37 /* NewWorkoutButton.swift */; };
		DDADD2B42610F63900AAC15B /* WobbleView.swift in Sources */ = {isa = PBXBuildFile; fileRef = DDADD2B32610F63900AAC15B /* WobbleView.swift */; };
		DDADD2B72610F6D800AAC15B /* NewWorkoutController.swift in Sources */ = {isa = PBXBuildFile; fileRef = DDADD2B62610F6D800AAC15B /* NewWorkoutController.swift */; };
		DDADD2CA26113A0900AAC15B /* TextInputController.swift in Sources */ = {isa = PBXBuildFile; fileRef = DDADD2C926113A0900AAC15B /* TextInputController.swift */; };
		DDADD2CD26113CCD00AAC15B /* TimeInputController.swift in Sources */ = {isa = PBXBuildFile; fileRef = DDADD2CC26113CCD00AAC15B /* TimeInputController.swift */; };
		DDADD2D026113E2C00AAC15B /* TimePicker.swift in Sources */ = {isa = PBXBuildFile; fileRef = DDADD2CF26113E2C00AAC15B /* TimePicker.swift */; };
		DDCB7B762615323100AD1267 /* Superstepper.swift in Sources */ = {isa = PBXBuildFile; fileRef = DDCB7B752615323100AD1267 /* Superstepper.swift */; };
		DDEAAEB3260687C80056D85C /* StretchButton.swift in Sources */ = {isa = PBXBuildFile; fileRef = DDEAAEB2260687C80056D85C /* StretchButton.swift */; };
		DDEAAEB626068F560056D85C /* StretchingViewController.swift in Sources */ = {isa = PBXBuildFile; fileRef = DDEAAEB526068F560056D85C /* StretchingViewController.swift */; };
		DDEAAEB926073DD60056D85C /* AnimatableDiagonalView.swift in Sources */ = {isa = PBXBuildFile; fileRef = DDEAAEB826073DD50056D85C /* AnimatableDiagonalView.swift */; };
		DDEAAEBC26073DEE0056D85C /* FractionView.swift in Sources */ = {isa = PBXBuildFile; fileRef = DDEAAEBB26073DEE0056D85C /* FractionView.swift */; };
		DDEAAEBF26073E370056D85C /* ExerciseWaveView.swift in Sources */ = {isa = PBXBuildFile; fileRef = DDEAAEBE26073E370056D85C /* ExerciseWaveView.swift */; };
		ECFAA075D6F0394559EE7A52 /* Pods_Stretchapp.framework in Frameworks */ = {isa = PBXBuildFile; fileRef = 67679F1C50E3BBF0ADB0FA2D /* Pods_Stretchapp.framework */; };
/* End PBXBuildFile section */

/* Begin PBXFileReference section */
		67679F1C50E3BBF0ADB0FA2D /* Pods_Stretchapp.framework */ = {isa = PBXFileReference; explicitFileType = wrapper.framework; includeInIndex = 0; path = Pods_Stretchapp.framework; sourceTree = BUILT_PRODUCTS_DIR; };
		DD013FB82609503500A396A3 /* Toy_Up&Down1.caf */ = {isa = PBXFileReference; lastKnownFileType = file; path = "Toy_Up&Down1.caf"; sourceTree = "<group>"; };
		DD013FB92609503500A396A3 /* SpaceBall_Rise1.caf */ = {isa = PBXFileReference; lastKnownFileType = file; path = SpaceBall_Rise1.caf; sourceTree = "<group>"; };
		DD013FBD2609505000A396A3 /* Audioplayer.swift */ = {isa = PBXFileReference; lastKnownFileType = sourcecode.swift; path = Audioplayer.swift; sourceTree = "<group>"; };
		DD1B7B7D2606545F00CB9AA4 /* Stretchapp.app */ = {isa = PBXFileReference; explicitFileType = wrapper.application; includeInIndex = 0; path = Stretchapp.app; sourceTree = BUILT_PRODUCTS_DIR; };
		DD1B7B802606545F00CB9AA4 /* AppDelegate.swift */ = {isa = PBXFileReference; lastKnownFileType = sourcecode.swift; path = AppDelegate.swift; sourceTree = "<group>"; };
		DD1B7B822606545F00CB9AA4 /* SceneDelegate.swift */ = {isa = PBXFileReference; lastKnownFileType = sourcecode.swift; path = SceneDelegate.swift; sourceTree = "<group>"; };
		DD1B7B842606545F00CB9AA4 /* ViewController.swift */ = {isa = PBXFileReference; lastKnownFileType = sourcecode.swift; path = ViewController.swift; sourceTree = "<group>"; };
		DD1B7B872606545F00CB9AA4 /* Base */ = {isa = PBXFileReference; lastKnownFileType = file.storyboard; name = Base; path = Base.lproj/Main.storyboard; sourceTree = "<group>"; };
		DD1B7B892606546000CB9AA4 /* Assets.xcassets */ = {isa = PBXFileReference; lastKnownFileType = folder.assetcatalog; path = Assets.xcassets; sourceTree = "<group>"; };
		DD1B7B8C2606546000CB9AA4 /* Base */ = {isa = PBXFileReference; lastKnownFileType = file.storyboard; name = Base; path = Base.lproj/LaunchScreen.storyboard; sourceTree = "<group>"; };
		DD1B7B8E2606546000CB9AA4 /* Info.plist */ = {isa = PBXFileReference; lastKnownFileType = text.plist.xml; path = Info.plist; sourceTree = "<group>"; };
		DD1B7B962606553200CB9AA4 /* Style.swift */ = {isa = PBXFileReference; lastKnownFileType = sourcecode.swift; path = Style.swift; sourceTree = "<group>"; };
		DD1B7B99260655A500CB9AA4 /* AKExtensions.swift */ = {isa = PBXFileReference; lastKnownFileType = sourcecode.swift; path = AKExtensions.swift; sourceTree = "<group>"; };
		DD1B7B9E26065B3600CB9AA4 /* TimePickerView.swift */ = {isa = PBXFileReference; lastKnownFileType = sourcecode.swift; path = TimePickerView.swift; sourceTree = "<group>"; };
		DD1B7BA726067F2900CB9AA4 /* Fulbo-Argenta.ttf */ = {isa = PBXFileReference; lastKnownFileType = file; name = "Fulbo-Argenta.ttf"; path = "../../../../../../design/Stretchapp/Fulbo-Argenta.ttf"; sourceTree = "<group>"; };
		DD1B7BAA26067F7E00CB9AA4 /* DINRoundPro.ttf */ = {isa = PBXFileReference; lastKnownFileType = file; path = DINRoundPro.ttf; sourceTree = "<group>"; };
		DD1B7BAB26067F7E00CB9AA4 /* DINRoundPro-Bold.ttf */ = {isa = PBXFileReference; lastKnownFileType = file; path = "DINRoundPro-Bold.ttf"; sourceTree = "<group>"; };
		DD1B7BAC26067F7E00CB9AA4 /* DINRoundPro-Light.ttf */ = {isa = PBXFileReference; lastKnownFileType = file; path = "DINRoundPro-Light.ttf"; sourceTree = "<group>"; };
		DD1B7BAD26067F7E00CB9AA4 /* DINRoundPro-Medi.ttf */ = {isa = PBXFileReference; lastKnownFileType = file; path = "DINRoundPro-Medi.ttf"; sourceTree = "<group>"; };
		DD1B7BAE26067F7E00CB9AA4 /* DINRoundPro-Black.ttf */ = {isa = PBXFileReference; lastKnownFileType = file; path = "DINRoundPro-Black.ttf"; sourceTree = "<group>"; };
		DD7BEC2D260D35960096820D /* AKWaveView.swift */ = {isa = PBXFileReference; lastKnownFileType = sourcecode.swift; path = AKWaveView.swift; sourceTree = "<group>"; };
		DD864945260F9C8000428C37 /* NewWorkoutButton.swift */ = {isa = PBXFileReference; lastKnownFileType = sourcecode.swift; path = NewWorkoutButton.swift; sourceTree = "<group>"; };
		DDADD2B32610F63900AAC15B /* WobbleView.swift */ = {isa = PBXFileReference; lastKnownFileType = sourcecode.swift; path = WobbleView.swift; sourceTree = "<group>"; };
		DDADD2B62610F6D800AAC15B /* NewWorkoutController.swift */ = {isa = PBXFileReference; lastKnownFileType = sourcecode.swift; path = NewWorkoutController.swift; sourceTree = "<group>"; };
		DDADD2C926113A0900AAC15B /* TextInputController.swift */ = {isa = PBXFileReference; lastKnownFileType = sourcecode.swift; path = TextInputController.swift; sourceTree = "<group>"; };
		DDADD2CC26113CCD00AAC15B /* TimeInputController.swift */ = {isa = PBXFileReference; lastKnownFileType = sourcecode.swift; path = TimeInputController.swift; sourceTree = "<group>"; };
		DDADD2CF26113E2C00AAC15B /* TimePicker.swift */ = {isa = PBXFileReference; lastKnownFileType = sourcecode.swift; path = TimePicker.swift; sourceTree = "<group>"; };
		DDCB7B752615323100AD1267 /* Superstepper.swift */ = {isa = PBXFileReference; lastKnownFileType = sourcecode.swift; path = Superstepper.swift; sourceTree = "<group>"; };
		DDEAAEB2260687C80056D85C /* StretchButton.swift */ = {isa = PBXFileReference; lastKnownFileType = sourcecode.swift; path = StretchButton.swift; sourceTree = "<group>"; };
		DDEAAEB526068F560056D85C /* StretchingViewController.swift */ = {isa = PBXFileReference; lastKnownFileType = sourcecode.swift; path = StretchingViewController.swift; sourceTree = "<group>"; };
		DDEAAEB826073DD50056D85C /* AnimatableDiagonalView.swift */ = {isa = PBXFileReference; lastKnownFileType = sourcecode.swift; path = AnimatableDiagonalView.swift; sourceTree = "<group>"; };
		DDEAAEBB26073DEE0056D85C /* FractionView.swift */ = {isa = PBXFileReference; lastKnownFileType = sourcecode.swift; path = FractionView.swift; sourceTree = "<group>"; };
		DDEAAEBE26073E370056D85C /* ExerciseWaveView.swift */ = {isa = PBXFileReference; lastKnownFileType = sourcecode.swift; path = ExerciseWaveView.swift; sourceTree = "<group>"; };
		E26EBD0A7DD0102A60CF1D49 /* Pods-Stretchapp.debug.xcconfig */ = {isa = PBXFileReference; includeInIndex = 1; lastKnownFileType = text.xcconfig; name = "Pods-Stretchapp.debug.xcconfig"; path = "Target Support Files/Pods-Stretchapp/Pods-Stretchapp.debug.xcconfig"; sourceTree = "<group>"; };
		FB7820C6D4F9C89F9CBC11C6 /* Pods-Stretchapp.release.xcconfig */ = {isa = PBXFileReference; includeInIndex = 1; lastKnownFileType = text.xcconfig; name = "Pods-Stretchapp.release.xcconfig"; path = "Target Support Files/Pods-Stretchapp/Pods-Stretchapp.release.xcconfig"; sourceTree = "<group>"; };
/* End PBXFileReference section */

/* Begin PBXFrameworksBuildPhase section */
		DD1B7B7A2606545F00CB9AA4 /* Frameworks */ = {
			isa = PBXFrameworksBuildPhase;
			buildActionMask = 2147483647;
			files = (
				ECFAA075D6F0394559EE7A52 /* Pods_Stretchapp.framework in Frameworks */,
			);
			runOnlyForDeploymentPostprocessing = 0;
		};
/* End PBXFrameworksBuildPhase section */

/* Begin PBXGroup section */
		38E07659BDAA03A105A82E27 /* Pods */ = {
			isa = PBXGroup;
			children = (
				E26EBD0A7DD0102A60CF1D49 /* Pods-Stretchapp.debug.xcconfig */,
				FB7820C6D4F9C89F9CBC11C6 /* Pods-Stretchapp.release.xcconfig */,
			);
			path = Pods;
			sourceTree = "<group>";
		};
		DD013FB526094FDE00A396A3 /* Sounds */ = {
			isa = PBXGroup;
			children = (
				DD013FB92609503500A396A3 /* SpaceBall_Rise1.caf */,
				DD013FB82609503500A396A3 /* Toy_Up&Down1.caf */,
			);
			path = Sounds;
			sourceTree = "<group>";
		};
		DD1B7B742606545F00CB9AA4 = {
			isa = PBXGroup;
			children = (
				DD1B7B99260655A500CB9AA4 /* AKExtensions.swift */,
				DD1B7B7F2606545F00CB9AA4 /* Stretchapp */,
				DD1B7B7E2606545F00CB9AA4 /* Products */,
				38E07659BDAA03A105A82E27 /* Pods */,
				FE7CC40BA8D5B6596D614004 /* Frameworks */,
			);
			sourceTree = "<group>";
		};
		DD1B7B7E2606545F00CB9AA4 /* Products */ = {
			isa = PBXGroup;
			children = (
				DD1B7B7D2606545F00CB9AA4 /* Stretchapp.app */,
			);
			name = Products;
			sourceTree = "<group>";
		};
		DD1B7B7F2606545F00CB9AA4 /* Stretchapp */ = {
			isa = PBXGroup;
			children = (
				DD1B7B802606545F00CB9AA4 /* AppDelegate.swift */,
				DDADD2B32610F63900AAC15B /* WobbleView.swift */,
				DD1B7B962606553200CB9AA4 /* Style.swift */,
				DD1B7B822606545F00CB9AA4 /* SceneDelegate.swift */,
				DD7BEC2D260D35960096820D /* AKWaveView.swift */,
				DD1B7B842606545F00CB9AA4 /* ViewController.swift */,
				DD864945260F9C8000428C37 /* NewWorkoutButton.swift */,
				DDADD2B62610F6D800AAC15B /* NewWorkoutController.swift */,
				DDADD2C926113A0900AAC15B /* TextInputController.swift */,
				DDADD2CC26113CCD00AAC15B /* TimeInputController.swift */,
				DDADD2CF26113E2C00AAC15B /* TimePicker.swift */,
				DDEAAEB526068F560056D85C /* StretchingViewController.swift */,
				DDEAAEBB26073DEE0056D85C /* FractionView.swift */,
				DDEAAEBE26073E370056D85C /* ExerciseWaveView.swift */,
				DDEAAEB2260687C80056D85C /* StretchButton.swift */,
				DDEAAEB826073DD50056D85C /* AnimatableDiagonalView.swift */,
				DD013FBD2609505000A396A3 /* Audioplayer.swift */,
				DDCB7B752615323100AD1267 /* Superstepper.swift */,
				DD1B7BA426067E7D00CB9AA4 /* Resources */,
				DD1B7B9D26065AB600CB9AA4 /* TimePicker */,
				DD1B7B862606545F00CB9AA4 /* Main.storyboard */,
				DD1B7B892606546000CB9AA4 /* Assets.xcassets */,
				DD1B7B8B2606546000CB9AA4 /* LaunchScreen.storyboard */,
				DD1B7B8E2606546000CB9AA4 /* Info.plist */,
			);
			path = Stretchapp;
			sourceTree = "<group>";
		};
		DD1B7B9D26065AB600CB9AA4 /* TimePicker */ = {
			isa = PBXGroup;
			children = (
				DD1B7B9E26065B3600CB9AA4 /* TimePickerView.swift */,
			);
			path = TimePicker;
			sourceTree = "<group>";
		};
		DD1B7BA426067E7D00CB9AA4 /* Resources */ = {
			isa = PBXGroup;
			children = (
				DD013FB526094FDE00A396A3 /* Sounds */,
				DD1B7BA526067E8400CB9AA4 /* Fonts */,
			);
			path = Resources;
			sourceTree = "<group>";
		};
		DD1B7BA526067E8400CB9AA4 /* Fonts */ = {
			isa = PBXGroup;
			children = (
				DD1B7BAE26067F7E00CB9AA4 /* DINRoundPro-Black.ttf */,
				DD1B7BAB26067F7E00CB9AA4 /* DINRoundPro-Bold.ttf */,
				DD1B7BAC26067F7E00CB9AA4 /* DINRoundPro-Light.ttf */,
				DD1B7BAD26067F7E00CB9AA4 /* DINRoundPro-Medi.ttf */,
				DD1B7BAA26067F7E00CB9AA4 /* DINRoundPro.ttf */,
				DD1B7BA726067F2900CB9AA4 /* Fulbo-Argenta.ttf */,
			);
			path = Fonts;
			sourceTree = "<group>";
		};
		FE7CC40BA8D5B6596D614004 /* Frameworks */ = {
			isa = PBXGroup;
			children = (
				67679F1C50E3BBF0ADB0FA2D /* Pods_Stretchapp.framework */,
			);
			name = Frameworks;
			sourceTree = "<group>";
		};
/* End PBXGroup section */

/* Begin PBXNativeTarget section */
		DD1B7B7C2606545F00CB9AA4 /* Stretchapp */ = {
			isa = PBXNativeTarget;
			buildConfigurationList = DD1B7B912606546000CB9AA4 /* Build configuration list for PBXNativeTarget "Stretchapp" */;
			buildPhases = (
				57D7086F339657BFE7C6C915 /* [CP] Check Pods Manifest.lock */,
				DD1B7B792606545F00CB9AA4 /* Sources */,
				DD1B7B7A2606545F00CB9AA4 /* Frameworks */,
				DD1B7B7B2606545F00CB9AA4 /* Resources */,
				0D6A0C1CC15883C1A28E34DA /* [CP] Embed Pods Frameworks */,
			);
			buildRules = (
			);
			dependencies = (
			);
			name = Stretchapp;
			productName = Stretchapp;
			productReference = DD1B7B7D2606545F00CB9AA4 /* Stretchapp.app */;
			productType = "com.apple.product-type.application";
		};
/* End PBXNativeTarget section */

/* Begin PBXProject section */
		DD1B7B752606545F00CB9AA4 /* Project object */ = {
			isa = PBXProject;
			attributes = {
				LastSwiftUpdateCheck = 1220;
				LastUpgradeCheck = 1220;
				TargetAttributes = {
					DD1B7B7C2606545F00CB9AA4 = {
						CreatedOnToolsVersion = 12.2;
					};
				};
			};
			buildConfigurationList = DD1B7B782606545F00CB9AA4 /* Build configuration list for PBXProject "Stretchapp" */;
			compatibilityVersion = "Xcode 9.3";
			developmentRegion = en;
			hasScannedForEncodings = 0;
			knownRegions = (
				en,
				Base,
			);
			mainGroup = DD1B7B742606545F00CB9AA4;
			productRefGroup = DD1B7B7E2606545F00CB9AA4 /* Products */;
			projectDirPath = "";
			projectRoot = "";
			targets = (
				DD1B7B7C2606545F00CB9AA4 /* Stretchapp */,
			);
		};
/* End PBXProject section */

/* Begin PBXResourcesBuildPhase section */
		DD1B7B7B2606545F00CB9AA4 /* Resources */ = {
			isa = PBXResourcesBuildPhase;
			buildActionMask = 2147483647;
			files = (
				DD1B7BB226067F7E00CB9AA4 /* DINRoundPro-Medi.ttf in Resources */,
				DD1B7BB126067F7E00CB9AA4 /* DINRoundPro-Light.ttf in Resources */,
				DD013FBB2609503500A396A3 /* SpaceBall_Rise1.caf in Resources */,
				DD1B7BA826067F2900CB9AA4 /* Fulbo-Argenta.ttf in Resources */,
				DD1B7BB326067F7E00CB9AA4 /* DINRoundPro-Black.ttf in Resources */,
				DD1B7B8D2606546000CB9AA4 /* LaunchScreen.storyboard in Resources */,
				DD1B7BB026067F7E00CB9AA4 /* DINRoundPro-Bold.ttf in Resources */,
				DD1B7B8A2606546000CB9AA4 /* Assets.xcassets in Resources */,
				DD1B7B882606545F00CB9AA4 /* Main.storyboard in Resources */,
				DD1B7BAF26067F7E00CB9AA4 /* DINRoundPro.ttf in Resources */,
				DD013FBA2609503500A396A3 /* Toy_Up&Down1.caf in Resources */,
			);
			runOnlyForDeploymentPostprocessing = 0;
		};
/* End PBXResourcesBuildPhase section */

/* Begin PBXShellScriptBuildPhase section */
		0D6A0C1CC15883C1A28E34DA /* [CP] Embed Pods Frameworks */ = {
			isa = PBXShellScriptBuildPhase;
			buildActionMask = 2147483647;
			files = (
			);
			inputFileListPaths = (
				"${PODS_ROOT}/Target Support Files/Pods-Stretchapp/Pods-Stretchapp-frameworks-${CONFIGURATION}-input-files.xcfilelist",
			);
			name = "[CP] Embed Pods Frameworks";
			outputFileListPaths = (
				"${PODS_ROOT}/Target Support Files/Pods-Stretchapp/Pods-Stretchapp-frameworks-${CONFIGURATION}-output-files.xcfilelist",
			);
			runOnlyForDeploymentPostprocessing = 0;
			shellPath = /bin/sh;
			shellScript = "\"${PODS_ROOT}/Target Support Files/Pods-Stretchapp/Pods-Stretchapp-frameworks.sh\"\n";
			showEnvVarsInLog = 0;
		};
		57D7086F339657BFE7C6C915 /* [CP] Check Pods Manifest.lock */ = {
			isa = PBXShellScriptBuildPhase;
			buildActionMask = 2147483647;
			files = (
			);
			inputFileListPaths = (
			);
			inputPaths = (
				"${PODS_PODFILE_DIR_PATH}/Podfile.lock",
				"${PODS_ROOT}/Manifest.lock",
			);
			name = "[CP] Check Pods Manifest.lock";
			outputFileListPaths = (
			);
			outputPaths = (
				"$(DERIVED_FILE_DIR)/Pods-Stretchapp-checkManifestLockResult.txt",
			);
			runOnlyForDeploymentPostprocessing = 0;
			shellPath = /bin/sh;
			shellScript = "diff \"${PODS_PODFILE_DIR_PATH}/Podfile.lock\" \"${PODS_ROOT}/Manifest.lock\" > /dev/null\nif [ $? != 0 ] ; then\n    # print error to STDERR\n    echo \"error: The sandbox is not in sync with the Podfile.lock. Run 'pod install' or update your CocoaPods installation.\" >&2\n    exit 1\nfi\n# This output is used by Xcode 'outputs' to avoid re-running this script phase.\necho \"SUCCESS\" > \"${SCRIPT_OUTPUT_FILE_0}\"\n";
			showEnvVarsInLog = 0;
		};
/* End PBXShellScriptBuildPhase section */

/* Begin PBXSourcesBuildPhase section */
		DD1B7B792606545F00CB9AA4 /* Sources */ = {
			isa = PBXSourcesBuildPhase;
			buildActionMask = 2147483647;
			files = (
				DD1B7B852606545F00CB9AA4 /* ViewController.swift in Sources */,
				DD7BEC2E260D35960096820D /* AKWaveView.swift in Sources */,
				DDADD2D026113E2C00AAC15B /* TimePicker.swift in Sources */,
				DD1B7B9F26065B3600CB9AA4 /* TimePickerView.swift in Sources */,
				DD1B7B812606545F00CB9AA4 /* AppDelegate.swift in Sources */,
				DDEAAEBC26073DEE0056D85C /* FractionView.swift in Sources */,
				DDADD2CD26113CCD00AAC15B /* TimeInputController.swift in Sources */,
				DDEAAEB626068F560056D85C /* StretchingViewController.swift in Sources */,
				DDEAAEB3260687C80056D85C /* StretchButton.swift in Sources */,
				DDADD2B42610F63900AAC15B /* WobbleView.swift in Sources */,
				DDADD2CA26113A0900AAC15B /* TextInputController.swift in Sources */,
				DDEAAEB926073DD60056D85C /* AnimatableDiagonalView.swift in Sources */,
				DD864946260F9C8000428C37 /* NewWorkoutButton.swift in Sources */,
				DDEAAEBF26073E370056D85C /* ExerciseWaveView.swift in Sources */,
				DD1B7B972606553200CB9AA4 /* Style.swift in Sources */,
				DDCB7B762615323100AD1267 /* Superstepper.swift in Sources */,
				DD1B7B9A260655A500CB9AA4 /* AKExtensions.swift in Sources */,
				DD1B7B832606545F00CB9AA4 /* SceneDelegate.swift in Sources */,
				DDADD2B72610F6D800AAC15B /* NewWorkoutController.swift in Sources */,
				DD013FBE2609505100A396A3 /* Audioplayer.swift in Sources */,
			);
			runOnlyForDeploymentPostprocessing = 0;
		};
/* End PBXSourcesBuildPhase section */

/* Begin PBXVariantGroup section */
		DD1B7B862606545F00CB9AA4 /* Main.storyboard */ = {
			isa = PBXVariantGroup;
			children = (
				DD1B7B872606545F00CB9AA4 /* Base */,
			);
			name = Main.storyboard;
			sourceTree = "<group>";
		};
		DD1B7B8B2606546000CB9AA4 /* LaunchScreen.storyboard */ = {
			isa = PBXVariantGroup;
			children = (
				DD1B7B8C2606546000CB9AA4 /* Base */,
			);
			name = LaunchScreen.storyboard;
			sourceTree = "<group>";
		};
/* End PBXVariantGroup section */

/* Begin XCBuildConfiguration section */
		DD1B7B8F2606546000CB9AA4 /* Debug */ = {
			isa = XCBuildConfiguration;
			buildSettings = {
				ALWAYS_SEARCH_USER_PATHS = NO;
				CLANG_ANALYZER_NONNULL = YES;
				CLANG_ANALYZER_NUMBER_OBJECT_CONVERSION = YES_AGGRESSIVE;
				CLANG_CXX_LANGUAGE_STANDARD = "gnu++14";
				CLANG_CXX_LIBRARY = "libc++";
				CLANG_ENABLE_MODULES = YES;
				CLANG_ENABLE_OBJC_ARC = YES;
				CLANG_ENABLE_OBJC_WEAK = YES;
				CLANG_WARN_BLOCK_CAPTURE_AUTORELEASING = YES;
				CLANG_WARN_BOOL_CONVERSION = YES;
				CLANG_WARN_COMMA = YES;
				CLANG_WARN_CONSTANT_CONVERSION = YES;
				CLANG_WARN_DEPRECATED_OBJC_IMPLEMENTATIONS = YES;
				CLANG_WARN_DIRECT_OBJC_ISA_USAGE = YES_ERROR;
				CLANG_WARN_DOCUMENTATION_COMMENTS = YES;
				CLANG_WARN_EMPTY_BODY = YES;
				CLANG_WARN_ENUM_CONVERSION = YES;
				CLANG_WARN_INFINITE_RECURSION = YES;
				CLANG_WARN_INT_CONVERSION = YES;
				CLANG_WARN_NON_LITERAL_NULL_CONVERSION = YES;
				CLANG_WARN_OBJC_IMPLICIT_RETAIN_SELF = YES;
				CLANG_WARN_OBJC_LITERAL_CONVERSION = YES;
				CLANG_WARN_OBJC_ROOT_CLASS = YES_ERROR;
				CLANG_WARN_QUOTED_INCLUDE_IN_FRAMEWORK_HEADER = YES;
				CLANG_WARN_RANGE_LOOP_ANALYSIS = YES;
				CLANG_WARN_STRICT_PROTOTYPES = YES;
				CLANG_WARN_SUSPICIOUS_MOVE = YES;
				CLANG_WARN_UNGUARDED_AVAILABILITY = YES_AGGRESSIVE;
				CLANG_WARN_UNREACHABLE_CODE = YES;
				CLANG_WARN__DUPLICATE_METHOD_MATCH = YES;
				COPY_PHASE_STRIP = NO;
				DEBUG_INFORMATION_FORMAT = dwarf;
				ENABLE_STRICT_OBJC_MSGSEND = YES;
				ENABLE_TESTABILITY = YES;
				GCC_C_LANGUAGE_STANDARD = gnu11;
				GCC_DYNAMIC_NO_PIC = NO;
				GCC_NO_COMMON_BLOCKS = YES;
				GCC_OPTIMIZATION_LEVEL = 0;
				GCC_PREPROCESSOR_DEFINITIONS = (
					"DEBUG=1",
					"$(inherited)",
				);
				GCC_WARN_64_TO_32_BIT_CONVERSION = YES;
				GCC_WARN_ABOUT_RETURN_TYPE = YES_ERROR;
				GCC_WARN_UNDECLARED_SELECTOR = YES;
				GCC_WARN_UNINITIALIZED_AUTOS = YES_AGGRESSIVE;
				GCC_WARN_UNUSED_FUNCTION = YES;
				GCC_WARN_UNUSED_VARIABLE = YES;
				IPHONEOS_DEPLOYMENT_TARGET = 14.2;
				MTL_ENABLE_DEBUG_INFO = INCLUDE_SOURCE;
				MTL_FAST_MATH = YES;
				ONLY_ACTIVE_ARCH = YES;
				SDKROOT = iphoneos;
				SWIFT_ACTIVE_COMPILATION_CONDITIONS = DEBUG;
				SWIFT_OPTIMIZATION_LEVEL = "-Onone";
			};
			name = Debug;
		};
		DD1B7B902606546000CB9AA4 /* Release */ = {
			isa = XCBuildConfiguration;
			buildSettings = {
				ALWAYS_SEARCH_USER_PATHS = NO;
				CLANG_ANALYZER_NONNULL = YES;
				CLANG_ANALYZER_NUMBER_OBJECT_CONVERSION = YES_AGGRESSIVE;
				CLANG_CXX_LANGUAGE_STANDARD = "gnu++14";
				CLANG_CXX_LIBRARY = "libc++";
				CLANG_ENABLE_MODULES = YES;
				CLANG_ENABLE_OBJC_ARC = YES;
				CLANG_ENABLE_OBJC_WEAK = YES;
				CLANG_WARN_BLOCK_CAPTURE_AUTORELEASING = YES;
				CLANG_WARN_BOOL_CONVERSION = YES;
				CLANG_WARN_COMMA = YES;
				CLANG_WARN_CONSTANT_CONVERSION = YES;
				CLANG_WARN_DEPRECATED_OBJC_IMPLEMENTATIONS = YES;
				CLANG_WARN_DIRECT_OBJC_ISA_USAGE = YES_ERROR;
				CLANG_WARN_DOCUMENTATION_COMMENTS = YES;
				CLANG_WARN_EMPTY_BODY = YES;
				CLANG_WARN_ENUM_CONVERSION = YES;
				CLANG_WARN_INFINITE_RECURSION = YES;
				CLANG_WARN_INT_CONVERSION = YES;
				CLANG_WARN_NON_LITERAL_NULL_CONVERSION = YES;
				CLANG_WARN_OBJC_IMPLICIT_RETAIN_SELF = YES;
				CLANG_WARN_OBJC_LITERAL_CONVERSION = YES;
				CLANG_WARN_OBJC_ROOT_CLASS = YES_ERROR;
				CLANG_WARN_QUOTED_INCLUDE_IN_FRAMEWORK_HEADER = YES;
				CLANG_WARN_RANGE_LOOP_ANALYSIS = YES;
				CLANG_WARN_STRICT_PROTOTYPES = YES;
				CLANG_WARN_SUSPICIOUS_MOVE = YES;
				CLANG_WARN_UNGUARDED_AVAILABILITY = YES_AGGRESSIVE;
				CLANG_WARN_UNREACHABLE_CODE = YES;
				CLANG_WARN__DUPLICATE_METHOD_MATCH = YES;
				COPY_PHASE_STRIP = NO;
				DEBUG_INFORMATION_FORMAT = "dwarf-with-dsym";
				ENABLE_NS_ASSERTIONS = NO;
				ENABLE_STRICT_OBJC_MSGSEND = YES;
				GCC_C_LANGUAGE_STANDARD = gnu11;
				GCC_NO_COMMON_BLOCKS = YES;
				GCC_WARN_64_TO_32_BIT_CONVERSION = YES;
				GCC_WARN_ABOUT_RETURN_TYPE = YES_ERROR;
				GCC_WARN_UNDECLARED_SELECTOR = YES;
				GCC_WARN_UNINITIALIZED_AUTOS = YES_AGGRESSIVE;
				GCC_WARN_UNUSED_FUNCTION = YES;
				GCC_WARN_UNUSED_VARIABLE = YES;
				IPHONEOS_DEPLOYMENT_TARGET = 14.2;
				MTL_ENABLE_DEBUG_INFO = NO;
				MTL_FAST_MATH = YES;
				SDKROOT = iphoneos;
				SWIFT_COMPILATION_MODE = wholemodule;
				SWIFT_OPTIMIZATION_LEVEL = "-O";
				VALIDATE_PRODUCT = YES;
			};
			name = Release;
		};
		DD1B7B922606546000CB9AA4 /* Debug */ = {
			isa = XCBuildConfiguration;
			baseConfigurationReference = E26EBD0A7DD0102A60CF1D49 /* Pods-Stretchapp.debug.xcconfig */;
			buildSettings = {
				ASSETCATALOG_COMPILER_APPICON_NAME = AppIcon;
				ASSETCATALOG_COMPILER_GLOBAL_ACCENT_COLOR_NAME = AccentColor;
				CODE_SIGN_STYLE = Automatic;
				DEVELOPMENT_TEAM = B5GRZ5GU65;
				INFOPLIST_FILE = Stretchapp/Info.plist;
				LD_RUNPATH_SEARCH_PATHS = (
					"$(inherited)",
					"@executable_path/Frameworks",
				);
				PRODUCT_BUNDLE_IDENTIFIER = AK.Stretchapp;
				PRODUCT_NAME = "$(TARGET_NAME)";
				SWIFT_VERSION = 5.0;
				TARGETED_DEVICE_FAMILY = "1,2";
			};
			name = Debug;
		};
		DD1B7B932606546000CB9AA4 /* Release */ = {
			isa = XCBuildConfiguration;
			baseConfigurationReference = FB7820C6D4F9C89F9CBC11C6 /* Pods-Stretchapp.release.xcconfig */;
			buildSettings = {
				ASSETCATALOG_COMPILER_APPICON_NAME = AppIcon;
				ASSETCATALOG_COMPILER_GLOBAL_ACCENT_COLOR_NAME = AccentColor;
				CODE_SIGN_STYLE = Automatic;
				DEVELOPMENT_TEAM = B5GRZ5GU65;
				INFOPLIST_FILE = Stretchapp/Info.plist;
				LD_RUNPATH_SEARCH_PATHS = (
					"$(inherited)",
					"@executable_path/Frameworks",
				);
				PRODUCT_BUNDLE_IDENTIFIER = AK.Stretchapp;
				PRODUCT_NAME = "$(TARGET_NAME)";
				SWIFT_VERSION = 5.0;
				TARGETED_DEVICE_FAMILY = "1,2";
			};
			name = Release;
		};
/* End XCBuildConfiguration section */

/* Begin XCConfigurationList section */
		DD1B7B782606545F00CB9AA4 /* Build configuration list for PBXProject "Stretchapp" */ = {
			isa = XCConfigurationList;
			buildConfigurations = (
				DD1B7B8F2606546000CB9AA4 /* Debug */,
				DD1B7B902606546000CB9AA4 /* Release */,
			);
			defaultConfigurationIsVisible = 0;
			defaultConfigurationName = Release;
		};
		DD1B7B912606546000CB9AA4 /* Build configuration list for PBXNativeTarget "Stretchapp" */ = {
			isa = XCConfigurationList;
			buildConfigurations = (
				DD1B7B922606546000CB9AA4 /* Debug */,
				DD1B7B932606546000CB9AA4 /* Release */,
			);
			defaultConfigurationIsVisible = 0;
			defaultConfigurationName = Release;
		};
/* End XCConfigurationList section */
	};
	rootObject = DD1B7B752606545F00CB9AA4 /* Project object */;
}
