// !$*UTF8*$!
{
	archiveVersion = 1;
	classes = {
	};
	objectVersion = 50;
	objects = {

/* Begin PBXBuildFile section */
		DD1B7B812606545F00CB9AA4 /* AppDelegate.swift in Sources */ = {isa = PBXBuildFile; fileRef = DD1B7B802606545F00CB9AA4 /* AppDelegate.swift */; };
		DD1B7B832606545F00CB9AA4 /* SceneDelegate.swift in Sources */ = {isa = PBXBuildFile; fileRef = DD1B7B822606545F00CB9AA4 /* SceneDelegate.swift */; };
		DD1B7B852606545F00CB9AA4 /* ViewController.swift in Sources */ = {isa = PBXBuildFile; fileRef = DD1B7B842606545F00CB9AA4 /* ViewController.swift */; };
		DD1B7B882606545F00CB9AA4 /* Main.storyboard in Resources */ = {isa = PBXBuildFile; fileRef = DD1B7B862606545F00CB9AA4 /* Main.storyboard */; };
		DD1B7B8A2606546000CB9AA4 /* Assets.xcassets in Resources */ = {isa = PBXBuildFile; fileRef = DD1B7B892606546000CB9AA4 /* Assets.xcassets */; };
		DD1B7B8D2606546000CB9AA4 /* LaunchScreen.storyboard in Resources */ = {isa = PBXBuildFile; fileRef = DD1B7B8B2606546000CB9AA4 /* LaunchScreen.storyboard */; };
		DD1B7B972606553200CB9AA4 /* Style.swift in Sources */ = {isa = PBXBuildFile; fileRef = DD1B7B962606553200CB9AA4 /* Style.swift */; };
		DD1B7B9A260655A500CB9AA4 /* AKExtensions.swift in Sources */ = {isa = PBXBuildFile; fileRef = DD1B7B99260655A500CB9AA4 /* AKExtensions.swift */; };
/* End PBXBuildFile section */

/* Begin PBXFileReference section */
		DD1B7B7D2606545F00CB9AA4 /* Stretchapp.app */ = {isa = PBXFileReference; explicitFileType = wrapper.application; includeInIndex = 0; path = Stretchapp.app; sourceTree = BUILT_PRODUCTS_DIR; };
		DD1B7B802606545F00CB9AA4 /* AppDelegate.swift */ = {isa = PBXFileReference; lastKnownFileType = sourcecode.swift; path = AppDelegate.swift; sourceTree = "<group>"; };
		DD1B7B822606545F00CB9AA4 /* SceneDelegate.swift */ = {isa = PBXFileReference; lastKnownFileType = sourcecode.swift; path = SceneDelegate.swift; sourceTree = "<group>"; };
		DD1B7B842606545F00CB9AA4 /* ViewController.swift */ = {isa = PBXFileReference; lastKnownFileType = sourcecode.swift; path = ViewController.swift; sourceTree = "<group>"; };
		DD1B7B872606545F00CB9AA4 /* Base */ = {isa = PBXFileReference; lastKnownFileType = file.storyboard; name = Base; path = Base.lproj/Main.storyboard; sourceTree = "<group>"; };
		DD1B7B892606546000CB9AA4 /* Assets.xcassets */ = {isa = PBXFileReference; lastKnownFileType = folder.assetcatalog; path = Assets.xcassets; sourceTree = "<group>"; };
		DD1B7B8C2606546000CB9AA4 /* Base */ = {isa = PBXFileReference; lastKnownFileType = file.storyboard; name = Base; path = Base.lproj/LaunchScreen.storyboard; sourceTree = "<group>"; };
		DD1B7B8E2606546000CB9AA4 /* Info.plist */ = {isa = PBXFileReference; lastKnownFileType = text.plist.xml; path = Info.plist; sourceTree = "<group>"; };
		DD1B7B962606553200CB9AA4 /* Style.swift */ = {isa = PBXFileReference; lastKnownFileType = sourcecode.swift; path = Style.swift; sourceTree = "<group>"; };
		DD1B7B99260655A500CB9AA4 /* AKExtensions.swift */ = {isa = PBXFileReference; lastKnownFileType = sourcecode.swift; path = AKExtensions.swift; sourceTree = "<group>"; };
/* End PBXFileReference section */

/* Begin PBXFrameworksBuildPhase section */
		DD1B7B7A2606545F00CB9AA4 /* Frameworks */ = {
			isa = PBXFrameworksBuildPhase;
			buildActionMask = 2147483647;
			files = (
			);
			runOnlyForDeploymentPostprocessing = 0;
		};
/* End PBXFrameworksBuildPhase section */

/* Begin PBXGroup section */
		DD1B7B742606545F00CB9AA4 = {
			isa = PBXGroup;
			children = (
				DD1B7B7F2606545F00CB9AA4 /* Stretchapp */,
				DD1B7B7E2606545F00CB9AA4 /* Products */,
			);
			sourceTree = "<group>";
		};
		DD1B7B7E2606545F00CB9AA4 /* Products */ = {
			isa = PBXGroup;
			children = (
				DD1B7B7D2606545F00CB9AA4 /* Stretchapp.app */,
			);
			name = Products;
			sourceTree = "<group>";
		};
		DD1B7B7F2606545F00CB9AA4 /* Stretchapp */ = {
			isa = PBXGroup;
			children = (
				DD1B7B802606545F00CB9AA4 /* AppDelegate.swift */,
				DD1B7B962606553200CB9AA4 /* Style.swift */,
				DD1B7B822606545F00CB9AA4 /* SceneDelegate.swift */,
				DD1B7B99260655A500CB9AA4 /* AKExtensions.swift */,
				DD1B7B842606545F00CB9AA4 /* ViewController.swift */,
				DD1B7B862606545F00CB9AA4 /* Main.storyboard */,
				DD1B7B892606546000CB9AA4 /* Assets.xcassets */,
				DD1B7B8B2606546000CB9AA4 /* LaunchScreen.storyboard */,
				DD1B7B8E2606546000CB9AA4 /* Info.plist */,
			);
			path = Stretchapp;
			sourceTree = "<group>";
		};
/* End PBXGroup section */

/* Begin PBXNativeTarget section */
		DD1B7B7C2606545F00CB9AA4 /* Stretchapp */ = {
			isa = PBXNativeTarget;
			buildConfigurationList = DD1B7B912606546000CB9AA4 /* Build configuration list for PBXNativeTarget "Stretchapp" */;
			buildPhases = (
				DD1B7B792606545F00CB9AA4 /* Sources */,
				DD1B7B7A2606545F00CB9AA4 /* Frameworks */,
				DD1B7B7B2606545F00CB9AA4 /* Resources */,
			);
			buildRules = (
			);
			dependencies = (
			);
			name = Stretchapp;
			productName = Stretchapp;
			productReference = DD1B7B7D2606545F00CB9AA4 /* Stretchapp.app */;
			productType = "com.apple.product-type.application";
		};
/* End PBXNativeTarget section */

/* Begin PBXProject section */
		DD1B7B752606545F00CB9AA4 /* Project object */ = {
			isa = PBXProject;
			attributes = {
				LastSwiftUpdateCheck = 1220;
				LastUpgradeCheck = 1220;
				TargetAttributes = {
					DD1B7B7C2606545F00CB9AA4 = {
						CreatedOnToolsVersion = 12.2;
					};
				};
			};
			buildConfigurationList = DD1B7B782606545F00CB9AA4 /* Build configuration list for PBXProject "Stretchapp" */;
			compatibilityVersion = "Xcode 9.3";
			developmentRegion = en;
			hasScannedForEncodings = 0;
			knownRegions = (
				en,
				Base,
			);
			mainGroup = DD1B7B742606545F00CB9AA4;
			productRefGroup = DD1B7B7E2606545F00CB9AA4 /* Products */;
			projectDirPath = "";
			projectRoot = "";
			targets = (
				DD1B7B7C2606545F00CB9AA4 /* Stretchapp */,
			);
		};
/* End PBXProject section */

/* Begin PBXResourcesBuildPhase section */
		DD1B7B7B2606545F00CB9AA4 /* Resources */ = {
			isa = PBXResourcesBuildPhase;
			buildActionMask = 2147483647;
			files = (
				DD1B7B8D2606546000CB9AA4 /* LaunchScreen.storyboard in Resources */,
				DD1B7B8A2606546000CB9AA4 /* Assets.xcassets in Resources */,
				DD1B7B882606545F00CB9AA4 /* Main.storyboard in Resources */,
			);
			runOnlyForDeploymentPostprocessing = 0;
		};
/* End PBXResourcesBuildPhase section */

/* Begin PBXSourcesBuildPhase section */
		DD1B7B792606545F00CB9AA4 /* Sources */ = {
			isa = PBXSourcesBuildPhase;
			buildActionMask = 2147483647;
			files = (
				DD1B7B852606545F00CB9AA4 /* ViewController.swift in Sources */,
				DD1B7B812606545F00CB9AA4 /* AppDelegate.swift in Sources */,
				DD1B7B972606553200CB9AA4 /* Style.swift in Sources */,
				DD1B7B9A260655A500CB9AA4 /* AKExtensions.swift in Sources */,
				DD1B7B832606545F00CB9AA4 /* SceneDelegate.swift in Sources */,
			);
			runOnlyForDeploymentPostprocessing = 0;
		};
/* End PBXSourcesBuildPhase section */

/* Begin PBXVariantGroup section */
		DD1B7B862606545F00CB9AA4 /* Main.storyboard */ = {
			isa = PBXVariantGroup;
			children = (
				DD1B7B872606545F00CB9AA4 /* Base */,
			);
			name = Main.storyboard;
			sourceTree = "<group>";
		};
		DD1B7B8B2606546000CB9AA4 /* LaunchScreen.storyboard */ = {
			isa = PBXVariantGroup;
			children = (
				DD1B7B8C2606546000CB9AA4 /* Base */,
			);
			name = LaunchScreen.storyboard;
			sourceTree = "<group>";
		};
/* End PBXVariantGroup section */

/* Begin XCBuildConfiguration section */
		DD1B7B8F2606546000CB9AA4 /* Debug */ = {
			isa = XCBuildConfiguration;
			buildSettings = {
				ALWAYS_SEARCH_USER_PATHS = NO;
				CLANG_ANALYZER_NONNULL = YES;
				CLANG_ANALYZER_NUMBER_OBJECT_CONVERSION = YES_AGGRESSIVE;
				CLANG_CXX_LANGUAGE_STANDARD = "gnu++14";
				CLANG_CXX_LIBRARY = "libc++";
				CLANG_ENABLE_MODULES = YES;
				CLANG_ENABLE_OBJC_ARC = YES;
				CLANG_ENABLE_OBJC_WEAK = YES;
				CLANG_WARN_BLOCK_CAPTURE_AUTORELEASING = YES;
				CLANG_WARN_BOOL_CONVERSION = YES;
				CLANG_WARN_COMMA = YES;
				CLANG_WARN_CONSTANT_CONVERSION = YES;
				CLANG_WARN_DEPRECATED_OBJC_IMPLEMENTATIONS = YES;
				CLANG_WARN_DIRECT_OBJC_ISA_USAGE = YES_ERROR;
				CLANG_WARN_DOCUMENTATION_COMMENTS = YES;
				CLANG_WARN_EMPTY_BODY = YES;
				CLANG_WARN_ENUM_CONVERSION = YES;
				CLANG_WARN_INFINITE_RECURSION = YES;
				CLANG_WARN_INT_CONVERSION = YES;
				CLANG_WARN_NON_LITERAL_NULL_CONVERSION = YES;
				CLANG_WARN_OBJC_IMPLICIT_RETAIN_SELF = YES;
				CLANG_WARN_OBJC_LITERAL_CONVERSION = YES;
				CLANG_WARN_OBJC_ROOT_CLASS = YES_ERROR;
				CLANG_WARN_QUOTED_INCLUDE_IN_FRAMEWORK_HEADER = YES;
				CLANG_WARN_RANGE_LOOP_ANALYSIS = YES;
				CLANG_WARN_STRICT_PROTOTYPES = YES;
				CLANG_WARN_SUSPICIOUS_MOVE = YES;
				CLANG_WARN_UNGUARDED_AVAILABILITY = YES_AGGRESSIVE;
				CLANG_WARN_UNREACHABLE_CODE = YES;
				CLANG_WARN__DUPLICATE_METHOD_MATCH = YES;
				COPY_PHASE_STRIP = NO;
				DEBUG_INFORMATION_FORMAT = dwarf;
				ENABLE_STRICT_OBJC_MSGSEND = YES;
				ENABLE_TESTABILITY = YES;
				GCC_C_LANGUAGE_STANDARD = gnu11;
				GCC_DYNAMIC_NO_PIC = NO;
				GCC_NO_COMMON_BLOCKS = YES;
				GCC_OPTIMIZATION_LEVEL = 0;
				GCC_PREPROCESSOR_DEFINITIONS = (
					"DEBUG=1",
					"$(inherited)",
				);
				GCC_WARN_64_TO_32_BIT_CONVERSION = YES;
				GCC_WARN_ABOUT_RETURN_TYPE = YES_ERROR;
				GCC_WARN_UNDECLARED_SELECTOR = YES;
				GCC_WARN_UNINITIALIZED_AUTOS = YES_AGGRESSIVE;
				GCC_WARN_UNUSED_FUNCTION = YES;
				GCC_WARN_UNUSED_VARIABLE = YES;
				IPHONEOS_DEPLOYMENT_TARGET = 14.2;
				MTL_ENABLE_DEBUG_INFO = INCLUDE_SOURCE;
				MTL_FAST_MATH = YES;
				ONLY_ACTIVE_ARCH = YES;
				SDKROOT = iphoneos;
				SWIFT_ACTIVE_COMPILATION_CONDITIONS = DEBUG;
				SWIFT_OPTIMIZATION_LEVEL = "-Onone";
			};
			name = Debug;
		};
		DD1B7B902606546000CB9AA4 /* Release */ = {
			isa = XCBuildConfiguration;
			buildSettings = {
				ALWAYS_SEARCH_USER_PATHS = NO;
				CLANG_ANALYZER_NONNULL = YES;
				CLANG_ANALYZER_NUMBER_OBJECT_CONVERSION = YES_AGGRESSIVE;
				CLANG_CXX_LANGUAGE_STANDARD = "gnu++14";
				CLANG_CXX_LIBRARY = "libc++";
				CLANG_ENABLE_MODULES = YES;
				CLANG_ENABLE_OBJC_ARC = YES;
				CLANG_ENABLE_OBJC_WEAK = YES;
				CLANG_WARN_BLOCK_CAPTURE_AUTORELEASING = YES;
				CLANG_WARN_BOOL_CONVERSION = YES;
				CLANG_WARN_COMMA = YES;
				CLANG_WARN_CONSTANT_CONVERSION = YES;
				CLANG_WARN_DEPRECATED_OBJC_IMPLEMENTATIONS = YES;
				CLANG_WARN_DIRECT_OBJC_ISA_USAGE = YES_ERROR;
				CLANG_WARN_DOCUMENTATION_COMMENTS = YES;
				CLANG_WARN_EMPTY_BODY = YES;
				CLANG_WARN_ENUM_CONVERSION = YES;
				CLANG_WARN_INFINITE_RECURSION = YES;
				CLANG_WARN_INT_CONVERSION = YES;
				CLANG_WARN_NON_LITERAL_NULL_CONVERSION = YES;
				CLANG_WARN_OBJC_IMPLICIT_RETAIN_SELF = YES;
				CLANG_WARN_OBJC_LITERAL_CONVERSION = YES;
				CLANG_WARN_OBJC_ROOT_CLASS = YES_ERROR;
				CLANG_WARN_QUOTED_INCLUDE_IN_FRAMEWORK_HEADER = YES;
				CLANG_WARN_RANGE_LOOP_ANALYSIS = YES;
				CLANG_WARN_STRICT_PROTOTYPES = YES;
				CLANG_WARN_SUSPICIOUS_MOVE = YES;
				CLANG_WARN_UNGUARDED_AVAILABILITY = YES_AGGRESSIVE;
				CLANG_WARN_UNREACHABLE_CODE = YES;
				CLANG_WARN__DUPLICATE_METHOD_MATCH = YES;
				COPY_PHASE_STRIP = NO;
				DEBUG_INFORMATION_FORMAT = "dwarf-with-dsym";
				ENABLE_NS_ASSERTIONS = NO;
				ENABLE_STRICT_OBJC_MSGSEND = YES;
				GCC_C_LANGUAGE_STANDARD = gnu11;
				GCC_NO_COMMON_BLOCKS = YES;
				GCC_WARN_64_TO_32_BIT_CONVERSION = YES;
				GCC_WARN_ABOUT_RETURN_TYPE = YES_ERROR;
				GCC_WARN_UNDECLARED_SELECTOR = YES;
				GCC_WARN_UNINITIALIZED_AUTOS = YES_AGGRESSIVE;
				GCC_WARN_UNUSED_FUNCTION = YES;
				GCC_WARN_UNUSED_VARIABLE = YES;
				IPHONEOS_DEPLOYMENT_TARGET = 14.2;
				MTL_ENABLE_DEBUG_INFO = NO;
				MTL_FAST_MATH = YES;
				SDKROOT = iphoneos;
				SWIFT_COMPILATION_MODE = wholemodule;
				SWIFT_OPTIMIZATION_LEVEL = "-O";
				VALIDATE_PRODUCT = YES;
			};
			name = Release;
		};
		DD1B7B922606546000CB9AA4 /* Debug */ = {
			isa = XCBuildConfiguration;
			buildSettings = {
				ASSETCATALOG_COMPILER_APPICON_NAME = AppIcon;
				ASSETCATALOG_COMPILER_GLOBAL_ACCENT_COLOR_NAME = AccentColor;
				CODE_SIGN_STYLE = Automatic;
				DEVELOPMENT_TEAM = B5GRZ5GU65;
				INFOPLIST_FILE = Stretchapp/Info.plist;
				LD_RUNPATH_SEARCH_PATHS = (
					"$(inherited)",
					"@executable_path/Frameworks",
				);
				PRODUCT_BUNDLE_IDENTIFIER = AK.Stretchapp;
				PRODUCT_NAME = "$(TARGET_NAME)";
				SWIFT_VERSION = 5.0;
				TARGETED_DEVICE_FAMILY = "1,2";
			};
			name = Debug;
		};
		DD1B7B932606546000CB9AA4 /* Release */ = {
			isa = XCBuildConfiguration;
			buildSettings = {
				ASSETCATALOG_COMPILER_APPICON_NAME = AppIcon;
				ASSETCATALOG_COMPILER_GLOBAL_ACCENT_COLOR_NAME = AccentColor;
				CODE_SIGN_STYLE = Automatic;
				DEVELOPMENT_TEAM = B5GRZ5GU65;
				INFOPLIST_FILE = Stretchapp/Info.plist;
				LD_RUNPATH_SEARCH_PATHS = (
					"$(inherited)",
					"@executable_path/Frameworks",
				);
				PRODUCT_BUNDLE_IDENTIFIER = AK.Stretchapp;
				PRODUCT_NAME = "$(TARGET_NAME)";
				SWIFT_VERSION = 5.0;
				TARGETED_DEVICE_FAMILY = "1,2";
			};
			name = Release;
		};
/* End XCBuildConfiguration section */

/* Begin XCConfigurationList section */
		DD1B7B782606545F00CB9AA4 /* Build configuration list for PBXProject "Stretchapp" */ = {
			isa = XCConfigurationList;
			buildConfigurations = (
				DD1B7B8F2606546000CB9AA4 /* Debug */,
				DD1B7B902606546000CB9AA4 /* Release */,
			);
			defaultConfigurationIsVisible = 0;
			defaultConfigurationName = Release;
		};
		DD1B7B912606546000CB9AA4 /* Build configuration list for PBXNativeTarget "Stretchapp" */ = {
			isa = XCConfigurationList;
			buildConfigurations = (
				DD1B7B922606546000CB9AA4 /* Debug */,
				DD1B7B932606546000CB9AA4 /* Release */,
			);
			defaultConfigurationIsVisible = 0;
			defaultConfigurationName = Release;
		};
/* End XCConfigurationList section */
	};
	rootObject = DD1B7B752606545F00CB9AA4 /* Project object */;
}
